
Microsoft Visual Studio Solution File, Format Version 12.00
# Visual Studio Version 17
VisualStudioVersion = 17.8.34322.80
MinimumVisualStudioVersion = 10.0.40219.1
Project("{FAE04EC0-301F-11D3-BF4B-00C04F79EFBC}") = "examen_practico_ra2_DianaJimenez", "examen_practico_ra2_DianaJimenez\examen_practico_ra2_DianaJimenez.csproj", "{714D986A-E495-4829-9290-968FF54D4823}"
EndProject
Global
	GlobalSection(SolutionConfigurationPlatforms) = preSolution
		Debug|Any CPU = Debug|Any CPU
		Release|Any CPU = Release|Any CPU
	EndGlobalSection
	GlobalSection(ProjectConfigurationPlatforms) = postSolution
		{714D986A-E495-4829-9290-968FF54D4823}.Debug|Any CPU.ActiveCfg = Debug|Any CPU
		{714D986A-E495-4829-9290-968FF54D4823}.Debug|Any CPU.Build.0 = Debug|Any CPU
		{714D986A-E495-4829-9290-968FF54D4823}.Release|Any CPU.ActiveCfg = Release|Any CPU
		{714D986A-E495-4829-9290-968FF54D4823}.Release|Any CPU.Build.0 = Release|Any CPU
	EndGlobalSection
	GlobalSection(SolutionProperties) = preSolution
		HideSolutionNode = FALSE
	EndGlobalSection
	GlobalSection(ExtensibilityGlobals) = postSolution
		SolutionGuid = {C2293C8D-56B6-4113-974C-9414F04214CC}
	EndGlobalSection
EndGlobal
